<?xml version="1.0" encoding="utf-8"?>
<Project ToolsVersion="4.0" xmlns="http://schemas.microsoft.com/developer/msbuild/2003">
  <ItemGroup>
    <Filter Include="source">
      <UniqueIdentifier>{54b50b01-7e00-4675-9de8-6fd069e35e1a}</UniqueIdentifier>
    </Filter>
  </ItemGroup>
  <ItemGroup>
    <ClCompile Include="..\..\..\..\source\common\Application.cpp">
      <Filter>source</Filter>
    </ClCompile>
    <ClCompile Include="..\..\..\..\source\common\Camera.cpp">
      <Filter>source</Filter>
    </ClCompile>
    <ClCompile Include="..\..\..\..\source\common\common.cpp">
      <Filter>source</Filter>
    </ClCompile>
    <ClCompile Include="..\..\..\..\source\common\Font.cpp">
      <Filter>source</Filter>
    </ClCompile>
    <ClCompile Include="..\..\..\..\source\common\Matrix3x3.cpp">
      <Filter>source</Filter>
    </ClCompile>
    <ClCompile Include="..\..\..\..\source\common\Matrix4x4.cpp">
      <Filter>source</Filter>
    </ClCompile>
    <ClCompile Include="..\..\..\..\source\common\Quaternion.cpp">
      <Filter>source</Filter>
    </ClCompile>
    <ClCompile Include="..\..\..\..\source\common\Vector2.cpp">
      <Filter>source</Filter>
    </ClCompile>
    <ClCompile Include="..\..\..\..\source\common\Vector3.cpp">
      <Filter>source</Filter>
    </ClCompile>
    <ClCompile Include="..\..\..\..\source\common\Vector4.cpp">
      <Filter>source</Filter>
    </ClCompile>
    <ClCompile Include="..\..\..\..\source\common\ViewCameraWindow.cpp">
      <Filter>source</Filter>
    </ClCompile>
    <ClCompile Include="..\..\..\..\source\common\Window.cpp">
      <Filter>source</Filter>
    </ClCompile>
    <ClCompile Include="..\..\..\..\source\common\NamingService.cpp">
      <Filter>source</Filter>
    </ClCompile>
    <ClCompile Include="..\..\..\..\source\common\ResourceHeap.cpp">
      <Filter>source</Filter>
    </ClCompile>
    <ClCompile Include="..\..\..\..\source\common\ParallelManager.cpp">
      <Filter>source</Filter>
    </ClCompile>
  </ItemGroup>
  <ItemGroup>
    <ClInclude Include="..\..\..\..\source\common\Application.h">
      <Filter>source</Filter>
    </ClInclude>
    <ClInclude Include="..\..\..\..\source\common\BitmapImage.h">
      <Filter>source</Filter>
    </ClInclude>
    <ClInclude Include="..\..\..\..\source\common\Camera.h">
      <Filter>source</Filter>
    </ClInclude>
    <ClInclude Include="..\..\..\..\source\common\common.h">
      <Filter>source</Filter>
    </ClInclude>
    <ClInclude Include="..\..\..\..\source\common\DDSImage.h">
      <Filter>source</Filter>
    </ClInclude>
    <ClInclude Include="..\..\..\..\source\common\Font.h">
      <Filter>source</Filter>
    </ClInclude>
    <ClInclude Include="..\..\..\..\source\common\IInputStream.h">
      <Filter>source</Filter>
    </ClInclude>
    <ClInclude Include="..\..\..\..\source\common\Matrix3x3.h">
      <Filter>source</Filter>
    </ClInclude>
    <ClInclude Include="..\..\..\..\source\common\Matrix4x4.h">
      <Filter>source</Filter>
    </ClInclude>
    <ClInclude Include="..\..\..\..\source\common\MemoryInputStream.h">
      <Filter>source</Filter>
    </ClInclude>
    <ClInclude Include="..\..\..\..\source\common\Quaternion.h">
      <Filter>source</Filter>
    </ClInclude>
    <ClInclude Include="..\..\..\..\source\common\Vector2.h">
      <Filter>source</Filter>
    </ClInclude>
    <ClInclude Include="..\..\..\..\source\common\Vector3.h">
      <Filter>source</Filter>
    </ClInclude>
    <ClInclude Include="..\..\..\..\source\common\Vector4.h">
      <Filter>source</Filter>
    </ClInclude>
    <ClInclude Include="..\..\..\..\source\common\ViewCameraWindow.h">
      <Filter>source</Filter>
    </ClInclude>
    <ClInclude Include="..\..\..\..\source\common\Window.h">
      <Filter>source</Filter>
    </ClInclude>
    <ClInclude Include="..\..\..\..\source\common\NamingService.h">
      <Filter>source</Filter>
    </ClInclude>
    <ClInclude Include="..\..\..\..\source\common\ResourceHeap.h">
      <Filter>source</Filter>
    </ClInclude>
    <ClInclude Include="..\..\..\..\source\common\ParallelManager.h">
      <Filter>source</Filter>
    </ClInclude>
  </ItemGroup>
</Project>